<?xml version="1.0" encoding="utf-8"?>
<Project ToolsVersion="4.0" xmlns="http://schemas.microsoft.com/developer/msbuild/2003">
  <ItemGroup>
    <Filter Include="Source Files">
      <UniqueIdentifier>{4FC737F1-C7A5-4376-A066-2A32D752A2FF}</UniqueIdentifier>
      <Extensions>cpp;c;cc;cxx;c++;cppm;ixx;def;odl;idl;hpj;bat;asm;asmx</Extensions>
    </Filter>
    <Filter Include="Header Files">
      <UniqueIdentifier>{93995380-89BD-4b04-88EB-625FBE52EBFB}</UniqueIdentifier>
      <Extensions>h;hh;hpp;hxx;h++;hm;inl;inc;ipp;xsd</Extensions>
    </Filter>
    <Filter Include="Resource Files">
      <UniqueIdentifier>{67DA6AB6-F800-4c08-8B7A-83BB121AAD01}</UniqueIdentifier>
      <Extensions>rc;ico;cur;bmp;dlg;rc2;rct;bin;rgs;gif;jpg;jpeg;jpe;resx;tiff;tif;png;wav;mfcribbon-ms</Extensions>
    </Filter>
  </ItemGroup>
  <ItemGroup>
    <ClInclude Include="include\rast\viewport.hpp">
      <Filter>Header Files</Filter>
    </ClInclude>
    <ClInclude Include="include\rast\alpha_blend.hpp">
      <Filter>Header Files</Filter>
    </ClInclude>
    <ClInclude Include="include\rast\color.hpp">
      <Filter>Header Files</Filter>
    </ClInclude>
    <ClInclude Include="include\rast\command_buffer.hpp">
      <Filter>Header Files</Filter>
    </ClInclude>
    <ClInclude Include="include\rast\convert.hpp">
      <Filter>Header Files</Filter>
    </ClInclude>
    <ClInclude Include="include\rast\depth_test.hpp">
      <Filter>Header Files</Filter>
    </ClInclude>
    <ClInclude Include="include\rast\image.hpp">
      <Filter>Header Files</Filter>
    </ClInclude>
    <ClInclude Include="include\rast\interpolation.hpp">
      <Filter>Header Files</Filter>
    </ClInclude>
    <ClInclude Include="include\rast\is_discardable.hpp">
      <Filter>Header Files</Filter>
    </ClInclude>
    <ClInclude Include="include\rast\math.hpp">
      <Filter>Header Files</Filter>
    </ClInclude>
    <ClInclude Include="include\rast\mesh.hpp">
      <Filter>Header Files</Filter>
    </ClInclude>
    <ClInclude Include="include\rast\perspective_divide.hpp">
      <Filter>Header Files</Filter>
    </ClInclude>
    <ClInclude Include="include\rast\renderer.hpp">
      <Filter>Header Files</Filter>
    </ClInclude>
    <ClInclude Include="include\rast\sampler.hpp">
      <Filter>Header Files</Filter>
    </ClInclude>
    <ClInclude Include="include\rast\simd.hpp">
      <Filter>Header Files</Filter>
    </ClInclude>
    <ClInclude Include="include\rast\sized2d_base.hpp">
      <Filter>Header Files</Filter>
    </ClInclude>
    <ClInclude Include="include\rast\static_test.hpp">
      <Filter>Header Files</Filter>
    </ClInclude>
    <ClInclude Include="include\rast\thread_pool.hpp">
      <Filter>Header Files</Filter>
    </ClInclude>
    <ClInclude Include="include\rast\tile.hpp">
      <Filter>Header Files</Filter>
    </ClInclude>
    <ClInclude Include="include\rast\clip\sutherland_hodgman.hpp">
      <Filter>Header Files</Filter>
    </ClInclude>
    <ClInclude Include="include\rast\clip\near_clip_far_discard.hpp">
      <Filter>Header Files</Filter>
    </ClInclude>
    <ClInclude Include="include\rast\clip\clip_vert.hpp">
      <Filter>Header Files</Filter>
    </ClInclude>
    <ClInclude Include="include\rast\shader\vertex_colored.hpp">
      <Filter>Header Files</Filter>
    </ClInclude>
    <ClInclude Include="include\rast\shader\constant.hpp">
      <Filter>Header Files</Filter>
    </ClInclude>
    <ClInclude Include="include\rast\shader\deferred.hpp">
      <Filter>Header Files</Filter>
    </ClInclude>
    <ClInclude Include="include\rast\shader\lambert_textured.hpp">
      <Filter>Header Files</Filter>
    </ClInclude>
    <ClInclude Include="include\rast\shader\shader_macros.hpp">
      <Filter>Header Files</Filter>
    </ClInclude>
    <ClInclude Include="include\rast\shader\textured.hpp">
      <Filter>Header Files</Filter>
    </ClInclude>
    <ClInclude Include="include\rast\raster\vbbox_scan.hpp">
      <Filter>Header Files</Filter>
    </ClInclude>
    <ClInclude Include="include\rast\raster\bbox_scan.hpp">
      <Filter>Header Files</Filter>
    </ClInclude>
    <ClInclude Include="include\rast\raster\left_edge.hpp">
      <Filter>Header Files</Filter>
    </ClInclude>
    <ClInclude Include="include\rast\raster\raster_utils.hpp">
      <Filter>Header Files</Filter>
    </ClInclude>
    <ClInclude Include="include\rast\math\vec.hpp">
      <Filter>Header Files</Filter>
    </ClInclude>
    <ClInclude Include="include\rast\math\fixed.hpp">
      <Filter>Header Files</Filter>
    </ClInclude>
    <ClInclude Include="include\rast\framebuffer\utils.hpp">
      <Filter>Header Files</Filter>
    </ClInclude>
    <ClInclude Include="include\rast\framebuffer\color.hpp">
      <Filter>Header Files</Filter>
    </ClInclude>
    <ClInclude Include="include\rast\framebuffer\color_depth.hpp">
      <Filter>Header Files</Filter>
    </ClInclude>
    <ClInclude Include="include\rast\framebuffer\color_depth_vectorized.hpp">
      <Filter>Header Files</Filter>
    </ClInclude>
    <ClInclude Include="include\rast\framebuffer\depth_view.hpp">
      <Filter>Header Files</Filter>
    </ClInclude>
    <ClInclude Include="include\rast\fragbuff\rewrite.hpp">
      <Filter>Header Files</Filter>
    </ClInclude>
    <ClInclude Include="include\rast\fragbuff\fragbuff_utils.hpp">
      <Filter>Header Files</Filter>
    </ClInclude>
    <ClInclude Include="include\rast\cull.hpp">
      <Filter>Header Files</Filter>
    </ClInclude>
    <ClInclude Include="include\rast\simd\glm.hpp">
      <Filter>Header Files</Filter>
    </ClInclude>
    <ClInclude Include="include\rast\shaderlib\fersnel.hpp">
      <Filter>Header Files</Filter>
    </ClInclude>
    <ClInclude Include="include\rast\framebuffer\visibility.hpp">
      <Filter>Header Files</Filter>
    </ClInclude>
    <ClInclude Include="include\rast\framebuffer\basic_depth.hpp">
      <Filter>Header Files</Filter>
    </ClInclude>
    <ClInclude Include="include\rast\function_traits.hpp">
      <Filter>Header Files</Filter>
    </ClInclude>
  </ItemGroup>
  <ItemGroup>
    <ClCompile Include="tests.cpp">
      <Filter>Source Files</Filter>
    </ClCompile>
  </ItemGroup>
</Project>