<?xml version="1.0" encoding="utf-8"?>
<Project ToolsVersion="4.0" xmlns="http://schemas.microsoft.com/developer/msbuild/2003">
  <ItemGroup>
    <Filter Include="Pliki zasobów">
      <UniqueIdentifier>{67DA6AB6-F800-4c08-8B7A-83BB121AAD01}</UniqueIdentifier>
      <Extensions>rc;ico;cur;bmp;dlg;rc2;rct;bin;rgs;gif;jpg;jpeg;jpe;resx;tiff;tif;png;wav;mfcribbon-ms</Extensions>
    </Filter>
    <Filter Include="sources">
      <UniqueIdentifier>{4FC737F1-C7A5-4376-A066-2A32D752A2FF}</UniqueIdentifier>
      <Extensions>cpp;c;cc;cxx;c++;cppm;ixx;def;odl;idl;hpj;bat;asm;asmx</Extensions>
    </Filter>
    <Filter Include="headers">
      <UniqueIdentifier>{93995380-89BD-4b04-88EB-625FBE52EBFB}</UniqueIdentifier>
      <Extensions>h;hh;hpp;hxx;h++;hm;inl;inc;ipp;xsd</Extensions>
    </Filter>
  </ItemGroup>
  <ItemGroup>
    <ClCompile Include="src\main.cpp">
      <Filter>sources</Filter>
    </ClCompile>
    <ClCompile Include="src\rast\mesh.cpp">
      <Filter>sources</Filter>
    </ClCompile>
    <ClCompile Include="src\stb_implementation.cpp">
      <Filter>sources</Filter>
    </ClCompile>
    <ClCompile Include="src\thread_pool.cpp">
      <Filter>sources</Filter>
    </ClCompile>
    <ClCompile Include="src\game\fly_cam.cpp">
      <Filter>sources</Filter>
    </ClCompile>
  </ItemGroup>
  <ItemGroup>
    <ClInclude Include="src\rast\color.hpp">
      <Filter>headers</Filter>
    </ClInclude>
    <ClInclude Include="src\rast\image.hpp">
      <Filter>headers</Filter>
    </ClInclude>
    <ClInclude Include="src\rast\mesh.hpp">
      <Filter>headers</Filter>
    </ClInclude>
    <ClInclude Include="src\rast\renderer.hpp">
      <Filter>headers</Filter>
    </ClInclude>
    <ClInclude Include="src\rast\shader\constant.hpp">
      <Filter>headers</Filter>
    </ClInclude>
    <ClInclude Include="src\rast\shader\vertex_colored.hpp">
      <Filter>headers</Filter>
    </ClInclude>
    <ClInclude Include="src\rast\sampler.hpp">
      <Filter>headers</Filter>
    </ClInclude>
    <ClInclude Include="src\rast\shader\textured.hpp">
      <Filter>headers</Filter>
    </ClInclude>
    <ClInclude Include="src\sa_vector.hpp">
      <Filter>headers</Filter>
    </ClInclude>
    <ClInclude Include="src\trivial_iterator.hpp">
      <Filter>headers</Filter>
    </ClInclude>
    <ClInclude Include="src\rast\shader\lambert_textured.hpp">
      <Filter>headers</Filter>
    </ClInclude>
    <ClInclude Include="src\rast\shader\shader_macros.hpp">
      <Filter>headers</Filter>
    </ClInclude>
    <ClInclude Include="src\rast\framebuffer\depth_view.hpp">
      <Filter>headers</Filter>
    </ClInclude>
    <ClInclude Include="src\rast\shader\deferred.hpp">
      <Filter>headers</Filter>
    </ClInclude>
    <ClInclude Include="src\thread_pool.hpp">
      <Filter>headers</Filter>
    </ClInclude>
    <ClInclude Include="src\rast\interpolation.hpp">
      <Filter>headers</Filter>
    </ClInclude>
    <ClInclude Include="src\game\fly_cam.hpp">
      <Filter>headers</Filter>
    </ClInclude>
    <ClInclude Include="src\rast\clip\sutherland_hodgman.hpp">
      <Filter>headers</Filter>
    </ClInclude>
    <ClInclude Include="src\rast\clip\clip_vert.hpp">
      <Filter>headers</Filter>
    </ClInclude>
    <ClInclude Include="src\rast\clip\near_clip_far_discard.hpp">
      <Filter>headers</Filter>
    </ClInclude>
    <ClInclude Include="src\rast\command_buffer.hpp">
      <Filter>headers</Filter>
    </ClInclude>
    <ClInclude Include="src\rast\convert.hpp">
      <Filter>headers</Filter>
    </ClInclude>
    <ClInclude Include="src\rast\alpha_blend.hpp">
      <Filter>headers</Filter>
    </ClInclude>
    <ClInclude Include="src\rast\is_discardable.hpp">
      <Filter>headers</Filter>
    </ClInclude>
    <ClInclude Include="src\rast\depth_test.hpp">
      <Filter>headers</Filter>
    </ClInclude>
    <ClInclude Include="src\rast\raster\bbox_scan.hpp">
      <Filter>headers</Filter>
    </ClInclude>
    <ClInclude Include="src\rast\raster\raster_utils.hpp">
      <Filter>headers</Filter>
    </ClInclude>
    <ClInclude Include="src\rast\viewport.hpp">
      <Filter>headers</Filter>
    </ClInclude>
    <ClInclude Include="src\rast\tile.hpp">
      <Filter>headers</Filter>
    </ClInclude>
    <ClInclude Include="src\rast\raster\left_edge.hpp">
      <Filter>headers</Filter>
    </ClInclude>
    <ClInclude Include="src\rast\fragbuff\fragbuff_utils.hpp">
      <Filter>headers</Filter>
    </ClInclude>
    <ClInclude Include="src\rast\fragbuff\rewrite.hpp">
      <Filter>headers</Filter>
    </ClInclude>
    <ClInclude Include="src\rast\perspective_divide.hpp">
      <Filter>headers</Filter>
    </ClInclude>
    <ClInclude Include="src\rast\math\fixed.hpp">
      <Filter>headers</Filter>
    </ClInclude>
    <ClInclude Include="src\rast\math.hpp">
      <Filter>headers</Filter>
    </ClInclude>
    <ClInclude Include="src\rast\utils\structure_of_arrays.hpp">
      <Filter>headers</Filter>
    </ClInclude>
    <ClInclude Include="src\rast\math\vec.hpp">
      <Filter>headers</Filter>
    </ClInclude>
    <ClInclude Include="src\rast\framebuffer\utils.hpp">
      <Filter>headers</Filter>
    </ClInclude>
    <ClInclude Include="src\rast\framebuffer\color_depth.hpp">
      <Filter>headers</Filter>
    </ClInclude>
    <ClInclude Include="src\rast\framebuffer\color.hpp">
      <Filter>headers</Filter>
    </ClInclude>
    <ClInclude Include="src\rast\static_test.hpp">
      <Filter>headers</Filter>
    </ClInclude>
    <ClInclude Include="src\rast\raster\vbbox_scan.hpp">
      <Filter>headers</Filter>
    </ClInclude>
    <ClInclude Include="src\rast\simd.hpp">
      <Filter>headers</Filter>
    </ClInclude>
    <ClInclude Include="src\rast\sized2d_base.hpp">
      <Filter>headers</Filter>
    </ClInclude>
    <ClInclude Include="src\rast\framebuffer\color_depth_vectorized.hpp">
      <Filter>headers</Filter>
    </ClInclude>
  </ItemGroup>
</Project>